
Microsoft Visual Studio Solution File, Format Version 12.00
# Visual Studio Version 17
VisualStudioVersion = 17.13.35931.197 d17.13
MinimumVisualStudioVersion = 10.0.40219.1
Project("{FAE04EC0-301F-11D3-BF4B-00C04F79EFBC}") = "musteriiliskileriyonetimi", "musteriiliskileriyonetimi\musteriiliskileriyonetimi.csproj", "{637898F2-3EAF-42BD-8420-5F8C05D0E99B}"
EndProject
Global
	GlobalSection(SolutionConfigurationPlatforms) = preSolution
		Debug|Any CPU = Debug|Any CPU
		Release|Any CPU = Release|Any CPU
	EndGlobalSection
	GlobalSection(ProjectConfigurationPlatforms) = postSolution
		{637898F2-3EAF-42BD-8420-5F8C05D0E99B}.Debug|Any CPU.ActiveCfg = Debug|Any CPU
		{637898F2-3EAF-42BD-8420-5F8C05D0E99B}.Debug|Any CPU.Build.0 = Debug|Any CPU
		{637898F2-3EAF-42BD-8420-5F8C05D0E99B}.Release|Any CPU.ActiveCfg = Release|Any CPU
		{637898F2-3EAF-42BD-8420-5F8C05D0E99B}.Release|Any CPU.Build.0 = Release|Any CPU
	EndGlobalSection
	GlobalSection(SolutionProperties) = preSolution
		HideSolutionNode = FALSE
	EndGlobalSection
	GlobalSection(ExtensibilityGlobals) = postSolution
		SolutionGuid = {91933D09-A5AB-4F01-853B-C98778564AE1}
	EndGlobalSection
EndGlobal
